{
    "_meta": {
        "hash": {
            "sha256": "37bd3711670d7e2b76a95c8e487a25d2c534a6a2fb3f91d4bfd1bb1a42c22905"
        },
        "pipfile-spec": 6,
        "requires": {
            "python_version": "3.6"
        },
        "sources": [
            {
                "name": "pypi",
                "url": "https://pypi.python.org/simple",
                "verify_ssl": true
            }
        ]
    },
    "default": {
        "fire": {
            "hashes": [
                "sha256:c299d16064ff81cbb649b65988300d4a28b71ecfb789d1fb74d99ea98ae4d2eb"
            ],
            "index": "pypi",
            "version": "==0.1.3"
        },
        "six": {
            "hashes": [
                "sha256:70e8a77beed4562e7f14fe23a786b54f6296e34344c23bc42f07b15018ff98e9",
                "sha256:832dc0e10feb1aa2c68dcc57dbb658f1c7e65b9b61af69048abc87a2db00a0eb"
            ],
            "version": "==1.11.0"
        },
        "sqlalchemy": {
            "hashes": [
                "sha256:7cb00cc9b9f92ef8b4391c8a2051f81eeafefe32d63c6b395fd51401e9a39edb"
            ],
            "index": "pypi",
            "version": "==1.2.6"
        }
    },
    "develop": {
        "inflect": {
            "hashes": [
                "sha256:0e2358f4f46a54cca3d77b983fa3708b02dc83acd8d28466a67e88b72e5c1b34",
                "sha256:2014c8dcb2114ebae2941ba3f0fbd98a02c846792a7b72f2da31eb9aa431a818"
            ],
            "version": "==0.2.5"
        },
        "sqlacodegen": {
            "hashes": [
                "sha256:3e025a49cd2430b6919e77d99cf5ad94ec80a88296b9a22984d9335f817373de",
                "sha256:abd8ca8405158dec1b5ebd831a5866a1819bac4c0bf8653f6a8e8cea9d265fa4"
            ],
            "index": "pypi",
            "version": "==1.1.6"
        },
        "sqlalchemy": {
            "hashes": [
                "sha256:7cb00cc9b9f92ef8b4391c8a2051f81eeafefe32d63c6b395fd51401e9a39edb"
            ],
            "index": "pypi",
            "version": "==1.2.6"
        }
    }
}
